
Microsoft Visual Studio Solution File, Format Version 12.00
# Visual Studio Version 17
VisualStudioVersion = 17.2.32616.157
MinimumVisualStudioVersion = 10.0.40219.1
Project("{8BC9CEB8-8B4A-11D0-8D11-00A0C91BC942}") = "APTS_Lidosta", "APTS_Lidosta\APTS_Lidosta.vcxproj", "{E646C90B-3E15-420B-99BE-A2437F746873}"
EndProject
Global
	GlobalSection(SolutionConfigurationPlatforms) = preSolution
		Debug|x64 = Debug|x64
		Debug|x86 = Debug|x86
		Release|x64 = Release|x64
		Release|x86 = Release|x86
	EndGlobalSection
	GlobalSection(ProjectConfigurationPlatforms) = postSolution
		{E646C90B-3E15-420B-99BE-A2437F746873}.Debug|x64.ActiveCfg = Debug|x64
		{E646C90B-3E15-420B-99BE-A2437F746873}.Debug|x64.Build.0 = Debug|x64
		{E646C90B-3E15-420B-99BE-A2437F746873}.Debug|x86.ActiveCfg = Debug|Win32
		{E646C90B-3E15-420B-99BE-A2437F746873}.Debug|x86.Build.0 = Debug|Win32
		{E646C90B-3E15-420B-99BE-A2437F746873}.Release|x64.ActiveCfg = Release|x64
		{E646C90B-3E15-420B-99BE-A2437F746873}.Release|x64.Build.0 = Release|x64
		{E646C90B-3E15-420B-99BE-A2437F746873}.Release|x86.ActiveCfg = Release|Win32
		{E646C90B-3E15-420B-99BE-A2437F746873}.Release|x86.Build.0 = Release|Win32
	EndGlobalSection
	GlobalSection(SolutionProperties) = preSolution
		HideSolutionNode = FALSE
	EndGlobalSection
	GlobalSection(ExtensibilityGlobals) = postSolution
		SolutionGuid = {9AA3CFB4-0CCA-4531-A1ED-FFB49EEBE0EA}
	EndGlobalSection
EndGlobal
